<?xml version="1.0" encoding="utf-8"?>
<Project ToolsVersion="4.0" xmlns="http://schemas.microsoft.com/developer/msbuild/2003">
  <ItemGroup>
    <CudaCompile Include="main.cu" />
  </ItemGroup>
  <ItemGroup>
    <Filter Include="Classes">
      <UniqueIdentifier>{2bb6fea9-4dc8-4da8-bf41-4dd32a8a1715}</UniqueIdentifier>
    </Filter>
    <Filter Include="Tests">
      <UniqueIdentifier>{92d1b20f-43db-4367-a710-112eb7760739}</UniqueIdentifier>
    </Filter>
  </ItemGroup>
  <ItemGroup>
    <ClCompile Include="bitBoard.cu">
      <Filter>Classes</Filter>
    </ClCompile>
    <ClCompile Include="State.cpp" />
    <ClCompile Include="moveGenerationTest.cpp">
      <Filter>Tests</Filter>
    </ClCompile>
  </ItemGroup>
  <ItemGroup>
    <ClInclude Include="bitBoard.cuh">
      <Filter>Classes</Filter>
    </ClInclude>
    <ClInclude Include="State.h" />
  </ItemGroup>
</Project>